
Microsoft Visual Studio Solution File, Format Version 12.00
# Visual Studio Version 16
VisualStudioVersion = 16.0.29001.49
MinimumVisualStudioVersion = 10.0.40219.1
Project("{FAE04EC0-301F-11D3-BF4B-00C04F79EFBC}") = "Zajefajna-Gierka", "Zajefajna-Gierka\Zajefajna-Gierka.csproj", "{35FE37DC-FF39-4CAA-AA68-AFCEB547C063}"
EndProject
Global
	GlobalSection(SolutionConfigurationPlatforms) = preSolution
		Debug|Any CPU = Debug|Any CPU
		Release|Any CPU = Release|Any CPU
	EndGlobalSection
	GlobalSection(ProjectConfigurationPlatforms) = postSolution
		{35FE37DC-FF39-4CAA-AA68-AFCEB547C063}.Debug|Any CPU.ActiveCfg = Debug|Any CPU
		{35FE37DC-FF39-4CAA-AA68-AFCEB547C063}.Debug|Any CPU.Build.0 = Debug|Any CPU
		{35FE37DC-FF39-4CAA-AA68-AFCEB547C063}.Release|Any CPU.ActiveCfg = Release|Any CPU
		{35FE37DC-FF39-4CAA-AA68-AFCEB547C063}.Release|Any CPU.Build.0 = Release|Any CPU
	EndGlobalSection
	GlobalSection(SolutionProperties) = preSolution
		HideSolutionNode = FALSE
	EndGlobalSection
	GlobalSection(ExtensibilityGlobals) = postSolution
		SolutionGuid = {B7AD3FC8-BE64-4E75-885C-E265ACEC5F5E}
	EndGlobalSection
EndGlobal
